PODS:
  - Realm (3.7.4):
    - Realm/Headers (= 3.7.4)
  - Realm/Headers (3.7.4)
  - RealmSwift (3.7.4):
    - Realm (= 3.7.4)

DEPENDENCIES:
  - RealmSwift (= 3.7.4)

SPEC REPOS:
  https://github.com/cocoapods/specs.git:
    - Realm
    - RealmSwift

SPEC CHECKSUMS:
  Realm: a469bb59e33f9926102ccaea4349822c53b9117e
  RealmSwift: a45861b21c180f5cf0f122144b9759fa8dde3e9e

PODFILE CHECKSUM: a561528db94253f4c267e35c6f001b2ee92a0422

COCOAPODS: 1.5.3
